<?xml version="1.0" encoding="UTF-8" standalone="yes" ?>
<CodeBlocks_project_file>
	<FileVersion major="1" minor="6" />
	<Project>
		<Option title="ge_sandbox" />
		<Option pch_mode="2" />
		<Option compiler="gcc" />
		<Build>
			<Target title="Debug">
				<Option output="bin/Debug/ge_sandbox" prefix_auto="1" extension_auto="1" />
				<Option object_output="obj/Debug/" />
				<Option type="1" />
				<Option compiler="gcc" />
				<Compiler>
					<Add option="-g" />
				</Compiler>
			</Target>
			<Target title="Release">
				<Option output="bin/Release/ge_sandbox" prefix_auto="1" extension_auto="1" />
				<Option object_output="obj/Release/" />
				<Option type="1" />
				<Option compiler="gcc" />
				<Compiler>
					<Add option="-O2" />
				</Compiler>
				<Linker>
					<Add option="-s" />
				</Linker>
			</Target>
		</Build>
		<Compiler>
			<Add option="-Wall" />
		</Compiler>
		<Linker>
			<Add library="SDL2_image" />
			<Add library="SDL2_mixer" />
			<Add library="SDL2main" />
			<Add library="SDL2" />
			<Add library="b64" />
		</Linker>
		<Unit filename="../../../../../../include/miniz/miniz.c">
			<Option compilerVar="CC" />
		</Unit>
		<Unit filename="Resources/SMBTile.png" />
		<Unit filename="Resources/Test.tmx" />
		<Unit filename="Resources/hello.bmp" />
		<Unit filename="Resources/music/3030.ogg" />
		<Unit filename="Resources/music/alternativesamba.mod" />
		<Unit filename="Resources/somrpredroofpandora.png" />
		<Unit filename="main.cpp" />
		<Unit filename="utils/TMX/SDL/TMX_SDLClass.cpp" />
		<Unit filename="utils/TMX/SDL/TMX_SDLClass.h" />
		<Unit filename="utils/TMX/TMX_Data.cpp" />
		<Unit filename="utils/TMX/TMX_Image.cpp" />
		<Unit filename="utils/TMX/TMX_Layer.cpp" />
		<Unit filename="utils/TMX/TMX_Map.cpp" />
		<Unit filename="utils/TMX/TMX_Map.h" />
		<Unit filename="utils/TMX/TMX_Tile.cpp" />
		<Unit filename="utils/TMX/TMX_Tileset.cpp" />
		<Unit filename="utils/TMX/TMX_Utils.cpp" />
		<Unit filename="utils/TMX/TMX_Utils.h" />
		<Extensions>
			<code_completion />
			<debugger />
		</Extensions>
	</Project>
</CodeBlocks_project_file>
